<?xml version="1.0" encoding="UTF-8"?>
<CodeBlocks_project_file>
	<FileVersion major="1" minor="6"/>
	<Project>
		<Option title="integration_test"/>
		<Option makefile_is_custom="1"/>
		<Option compiler="gcc"/>
		<Option virtualFolders="CMake Files\;"/>
		<Build>
			<Target title="all">
				<Option working_dir="/Users/Bouke/Documents/Development/BiPaGe2/compiler/integration_test/build-temp_simple_integrationtest-Desktop_Qt_5_12_6_clang_64bit-Debug"/>
				<Option type="4"/>
				<MakeCommands>
					<Build command="/usr/bin/make -j8 -f &quot;/Users/Bouke/Documents/Development/BiPaGe2/compiler/integration_test/build-temp_simple_integrationtest-Desktop_Qt_5_12_6_clang_64bit-Debug/Makefile&quot;  VERBOSE=1 all"/>
					<CompileFile command="/usr/bin/make -j8 -f &quot;/Users/Bouke/Documents/Development/BiPaGe2/compiler/integration_test/build-temp_simple_integrationtest-Desktop_Qt_5_12_6_clang_64bit-Debug/Makefile&quot;  VERBOSE=1 &quot;$file&quot;"/>
					<Clean command="/usr/bin/make -j8 -f &quot;/Users/Bouke/Documents/Development/BiPaGe2/compiler/integration_test/build-temp_simple_integrationtest-Desktop_Qt_5_12_6_clang_64bit-Debug/Makefile&quot;  VERBOSE=1 clean"/>
					<DistClean command="/usr/bin/make -j8 -f &quot;/Users/Bouke/Documents/Development/BiPaGe2/compiler/integration_test/build-temp_simple_integrationtest-Desktop_Qt_5_12_6_clang_64bit-Debug/Makefile&quot;  VERBOSE=1 clean"/>
				</MakeCommands>
			</Target>
			<Target title="rebuild_cache">
				<Option working_dir="/Users/Bouke/Documents/Development/BiPaGe2/compiler/integration_test/build-temp_simple_integrationtest-Desktop_Qt_5_12_6_clang_64bit-Debug"/>
				<Option type="4"/>
				<MakeCommands>
					<Build command="/usr/bin/make -j8 -f &quot;/Users/Bouke/Documents/Development/BiPaGe2/compiler/integration_test/build-temp_simple_integrationtest-Desktop_Qt_5_12_6_clang_64bit-Debug/Makefile&quot;  VERBOSE=1 rebuild_cache"/>
					<CompileFile command="/usr/bin/make -j8 -f &quot;/Users/Bouke/Documents/Development/BiPaGe2/compiler/integration_test/build-temp_simple_integrationtest-Desktop_Qt_5_12_6_clang_64bit-Debug/Makefile&quot;  VERBOSE=1 &quot;$file&quot;"/>
					<Clean command="/usr/bin/make -j8 -f &quot;/Users/Bouke/Documents/Development/BiPaGe2/compiler/integration_test/build-temp_simple_integrationtest-Desktop_Qt_5_12_6_clang_64bit-Debug/Makefile&quot;  VERBOSE=1 clean"/>
					<DistClean command="/usr/bin/make -j8 -f &quot;/Users/Bouke/Documents/Development/BiPaGe2/compiler/integration_test/build-temp_simple_integrationtest-Desktop_Qt_5_12_6_clang_64bit-Debug/Makefile&quot;  VERBOSE=1 clean"/>
				</MakeCommands>
			</Target>
			<Target title="edit_cache">
				<Option working_dir="/Users/Bouke/Documents/Development/BiPaGe2/compiler/integration_test/build-temp_simple_integrationtest-Desktop_Qt_5_12_6_clang_64bit-Debug"/>
				<Option type="4"/>
				<MakeCommands>
					<Build command="/usr/bin/make -j8 -f &quot;/Users/Bouke/Documents/Development/BiPaGe2/compiler/integration_test/build-temp_simple_integrationtest-Desktop_Qt_5_12_6_clang_64bit-Debug/Makefile&quot;  VERBOSE=1 edit_cache"/>
					<CompileFile command="/usr/bin/make -j8 -f &quot;/Users/Bouke/Documents/Development/BiPaGe2/compiler/integration_test/build-temp_simple_integrationtest-Desktop_Qt_5_12_6_clang_64bit-Debug/Makefile&quot;  VERBOSE=1 &quot;$file&quot;"/>
					<Clean command="/usr/bin/make -j8 -f &quot;/Users/Bouke/Documents/Development/BiPaGe2/compiler/integration_test/build-temp_simple_integrationtest-Desktop_Qt_5_12_6_clang_64bit-Debug/Makefile&quot;  VERBOSE=1 clean"/>
					<DistClean command="/usr/bin/make -j8 -f &quot;/Users/Bouke/Documents/Development/BiPaGe2/compiler/integration_test/build-temp_simple_integrationtest-Desktop_Qt_5_12_6_clang_64bit-Debug/Makefile&quot;  VERBOSE=1 clean"/>
				</MakeCommands>
			</Target>
			<Target title="simple_integrationtest">
				<Option output="/Users/Bouke/Documents/Development/BiPaGe2/compiler/integration_test/build-temp_simple_integrationtest-Desktop_Qt_5_12_6_clang_64bit-Debug/simple_integrationtest" prefix_auto="0" extension_auto="0"/>
				<Option working_dir="/Users/Bouke/Documents/Development/BiPaGe2/compiler/integration_test/build-temp_simple_integrationtest-Desktop_Qt_5_12_6_clang_64bit-Debug"/>
				<Option object_output="./"/>
				<Option type="1"/>
				<Option compiler="gcc"/>
				<Compiler>
					<Add directory="/Users/Bouke/Documents/Development/BiPaGe2/compiler/integration_test/temp_simple_integrationtest/../../../library/c++"/>
					<Add directory="/usr/local/include"/>
					<Add directory="/Applications/Xcode.app/Contents/Developer/Toolchains/XcodeDefault.xctoolchain/usr/bin/../include/c++/v1"/>
					<Add directory="/Applications/Xcode.app/Contents/Developer/Toolchains/XcodeDefault.xctoolchain/usr/lib/clang/11.0.3/include"/>
					<Add directory="/Applications/Xcode.app/Contents/Developer/Platforms/MacOSX.platform/Developer/SDKs/MacOSX.sdk/usr/include"/>
					<Add directory="/Applications/Xcode.app/Contents/Developer/Toolchains/XcodeDefault.xctoolchain/usr/include"/>
					<Add directory="/Applications/Xcode.app/Contents/Developer/Platforms/MacOSX.platform/Developer/SDKs/MacOSX.sdk/System/Library/Frameworks"/>
				</Compiler>
				<MakeCommands>
					<Build command="/usr/bin/make -j8 -f &quot;/Users/Bouke/Documents/Development/BiPaGe2/compiler/integration_test/build-temp_simple_integrationtest-Desktop_Qt_5_12_6_clang_64bit-Debug/Makefile&quot;  VERBOSE=1 simple_integrationtest"/>
					<CompileFile command="/usr/bin/make -j8 -f &quot;/Users/Bouke/Documents/Development/BiPaGe2/compiler/integration_test/build-temp_simple_integrationtest-Desktop_Qt_5_12_6_clang_64bit-Debug/Makefile&quot;  VERBOSE=1 &quot;$file&quot;"/>
					<Clean command="/usr/bin/make -j8 -f &quot;/Users/Bouke/Documents/Development/BiPaGe2/compiler/integration_test/build-temp_simple_integrationtest-Desktop_Qt_5_12_6_clang_64bit-Debug/Makefile&quot;  VERBOSE=1 clean"/>
					<DistClean command="/usr/bin/make -j8 -f &quot;/Users/Bouke/Documents/Development/BiPaGe2/compiler/integration_test/build-temp_simple_integrationtest-Desktop_Qt_5_12_6_clang_64bit-Debug/Makefile&quot;  VERBOSE=1 clean"/>
				</MakeCommands>
			</Target>
			<Target title="simple_integrationtest/fast">
				<Option output="/Users/Bouke/Documents/Development/BiPaGe2/compiler/integration_test/build-temp_simple_integrationtest-Desktop_Qt_5_12_6_clang_64bit-Debug/simple_integrationtest" prefix_auto="0" extension_auto="0"/>
				<Option working_dir="/Users/Bouke/Documents/Development/BiPaGe2/compiler/integration_test/build-temp_simple_integrationtest-Desktop_Qt_5_12_6_clang_64bit-Debug"/>
				<Option object_output="./"/>
				<Option type="1"/>
				<Option compiler="gcc"/>
				<Compiler>
					<Add directory="/Users/Bouke/Documents/Development/BiPaGe2/compiler/integration_test/temp_simple_integrationtest/../../../library/c++"/>
					<Add directory="/usr/local/include"/>
					<Add directory="/Applications/Xcode.app/Contents/Developer/Toolchains/XcodeDefault.xctoolchain/usr/bin/../include/c++/v1"/>
					<Add directory="/Applications/Xcode.app/Contents/Developer/Toolchains/XcodeDefault.xctoolchain/usr/lib/clang/11.0.3/include"/>
					<Add directory="/Applications/Xcode.app/Contents/Developer/Platforms/MacOSX.platform/Developer/SDKs/MacOSX.sdk/usr/include"/>
					<Add directory="/Applications/Xcode.app/Contents/Developer/Toolchains/XcodeDefault.xctoolchain/usr/include"/>
					<Add directory="/Applications/Xcode.app/Contents/Developer/Platforms/MacOSX.platform/Developer/SDKs/MacOSX.sdk/System/Library/Frameworks"/>
				</Compiler>
				<MakeCommands>
					<Build command="/usr/bin/make -j8 -f &quot;/Users/Bouke/Documents/Development/BiPaGe2/compiler/integration_test/build-temp_simple_integrationtest-Desktop_Qt_5_12_6_clang_64bit-Debug/Makefile&quot;  VERBOSE=1 simple_integrationtest/fast"/>
					<CompileFile command="/usr/bin/make -j8 -f &quot;/Users/Bouke/Documents/Development/BiPaGe2/compiler/integration_test/build-temp_simple_integrationtest-Desktop_Qt_5_12_6_clang_64bit-Debug/Makefile&quot;  VERBOSE=1 &quot;$file&quot;"/>
					<Clean command="/usr/bin/make -j8 -f &quot;/Users/Bouke/Documents/Development/BiPaGe2/compiler/integration_test/build-temp_simple_integrationtest-Desktop_Qt_5_12_6_clang_64bit-Debug/Makefile&quot;  VERBOSE=1 clean"/>
					<DistClean command="/usr/bin/make -j8 -f &quot;/Users/Bouke/Documents/Development/BiPaGe2/compiler/integration_test/build-temp_simple_integrationtest-Desktop_Qt_5_12_6_clang_64bit-Debug/Makefile&quot;  VERBOSE=1 clean"/>
				</MakeCommands>
			</Target>
		</Build>
		<Unit filename="/Users/Bouke/Documents/Development/BiPaGe2/compiler/integration_test/temp_simple_integrationtest/simple_integrationtest.cpp">
			<Option target="simple_integrationtest"/>
		</Unit>
		<Unit filename="/Users/Bouke/Documents/Development/BiPaGe2/compiler/integration_test/temp_simple_integrationtest/CMakeLists.txt">
			<Option virtualFolder="CMake Files\"/>
		</Unit>
	</Project>
</CodeBlocks_project_file>
